
Microsoft Visual Studio Solution File, Format Version 11.00
# Visual Studio 2010
Project("{FAE04EC0-301F-11D3-BF4B-00C04F79EFBC}") = "MusicRushSDKs", "Assembly-CSharp.csproj", "{4D215D9E-873C-BE8B-72BD-EEEB2EC3B1DB}"
EndProject
Project("{FAE04EC0-301F-11D3-BF4B-00C04F79EFBC}") = "MusicRushSDKs", "Assembly-CSharp-firstpass.csproj", "{E884CB4C-07EC-9874-B7D2-0ED745FDC008}"
EndProject
Project("{FAE04EC0-301F-11D3-BF4B-00C04F79EFBC}") = "MusicRushSDKs", "Assembly-CSharp-Editor.csproj", "{AF3B98C1-72F1-40FB-EC66-F79086230D13}"
EndProject
Global
	GlobalSection(SolutionConfigurationPlatforms) = preSolution
		Debug|Any CPU = Debug|Any CPU
		Release|Any CPU = Release|Any CPU
	EndGlobalSection
	GlobalSection(ProjectConfigurationPlatforms) = postSolution
		{4D215D9E-873C-BE8B-72BD-EEEB2EC3B1DB}.Debug|Any CPU.ActiveCfg = Debug|Any CPU
		{4D215D9E-873C-BE8B-72BD-EEEB2EC3B1DB}.Debug|Any CPU.Build.0 = Debug|Any CPU
		{4D215D9E-873C-BE8B-72BD-EEEB2EC3B1DB}.Release|Any CPU.ActiveCfg = Release|Any CPU
		{4D215D9E-873C-BE8B-72BD-EEEB2EC3B1DB}.Release|Any CPU.Build.0 = Release|Any CPU
		{E884CB4C-07EC-9874-B7D2-0ED745FDC008}.Debug|Any CPU.ActiveCfg = Debug|Any CPU
		{E884CB4C-07EC-9874-B7D2-0ED745FDC008}.Debug|Any CPU.Build.0 = Debug|Any CPU
		{E884CB4C-07EC-9874-B7D2-0ED745FDC008}.Release|Any CPU.ActiveCfg = Release|Any CPU
		{E884CB4C-07EC-9874-B7D2-0ED745FDC008}.Release|Any CPU.Build.0 = Release|Any CPU
		{AF3B98C1-72F1-40FB-EC66-F79086230D13}.Debug|Any CPU.ActiveCfg = Debug|Any CPU
		{AF3B98C1-72F1-40FB-EC66-F79086230D13}.Debug|Any CPU.Build.0 = Debug|Any CPU
		{AF3B98C1-72F1-40FB-EC66-F79086230D13}.Release|Any CPU.ActiveCfg = Release|Any CPU
		{AF3B98C1-72F1-40FB-EC66-F79086230D13}.Release|Any CPU.Build.0 = Release|Any CPU
	EndGlobalSection
	GlobalSection(SolutionProperties) = preSolution
		HideSolutionNode = FALSE
	EndGlobalSection
	GlobalSection(MonoDevelopProperties) = preSolution
		StartupItem = Assembly-CSharp.csproj
	EndGlobalSection
EndGlobal
